hash: adea02aff6a5c2f2c83ad91f4f8c923b9bc1575c25ee49f99598229b5a70eba5
updated: 2018-07-16T00:43:08.82687+06:00
imports:
- name: github.com/buger/jsonparser
  version: 2cac668e8456b4284edb0715e17e2af02d3ec993
- name: github.com/gin-contrib/sse
  version: 22d885f9ecc78bf4ee5d72b937e4bbcdc58e8cae
- name: github.com/gin-gonic/gin
  version: d459835d2b077e44f7c9b453505ee29881d5d12d
  subpackages:
  - binding
  - render
- name: github.com/go-redis/redis
  version: 83fb42932f6145ce52df09860384a4653d2d332a
  subpackages:
  - internal
  - internal/consistenthash
  - internal/hashtag
  - internal/pool
  - internal/proto
  - internal/singleflight
  - internal/util
- name: github.com/go-stack/stack
  version: 259ab82a6cad3992b4e21ff5cac294ccb06474bc
- name: github.com/golang/protobuf
  version: 17ce1425424ab154092bbb43af630bd647f3bb0d
  subpackages:
  - proto
- name: github.com/golang/snappy
  version: 2e65f85255dbc3072edf28d6b5b8efc472979f5a
- name: github.com/mattn/go-isatty
  version: fc9e8d8ef48496124e79ae0df75490096eccf6fe
- name: github.com/mongodb/mongo-go-driver
  version: 4503c54ec045b406a0b3533901c6d7a5614cfef3
  subpackages:
  - bson
  - bson/builder
  - bson/decimal
  - bson/elements
  - bson/objectid
  - bson/parser
  - bson/parser/ast
  - core/address
  - core/auth
  - core/auth/internal/gssapi
  - core/command
  - core/compressor
  - core/connection
  - core/connstring
  - core/description
  - core/dispatch
  - core/option
  - core/readconcern
  - core/readpref
  - core/result
  - core/tag
  - core/topology
  - core/version
  - core/wiremessage
  - core/writeconcern
  - internal
  - mongo
  - mongo/aggregateopt
  - mongo/changestreamopt
  - mongo/clientopt
  - mongo/collectionopt
  - mongo/countopt
  - mongo/dbopt
  - mongo/deleteopt
  - mongo/distinctopt
  - mongo/findopt
  - mongo/indexopt
  - mongo/insertopt
  - mongo/mongoopt
  - mongo/replaceopt
  - mongo/runcmdopt
  - mongo/updateopt
- name: github.com/ugorji/go
  version: b4c50a2b199d93b13dc15e78929cfb23bfdf21ab
  subpackages:
  - codec
- name: golang.org/x/crypto
  version: 9ba3862cf6a5452ae579de98f9364dd2e544844c
  subpackages:
  - pbkdf2
- name: golang.org/x/net
  version: 66aacef3dd8a676686c7ae3716979581e8b03c47
  subpackages:
  - context
- name: golang.org/x/sync
  version: f52d1811a62927559de87708c8913c1650ce4f26
  subpackages:
  - semaphore
- name: golang.org/x/sys
  version: a5054c7c1385fd50d9394475365355a87a7873ec
  subpackages:
  - unix
- name: gopkg.in/go-playground/validator.v8
  version: 5f1438d3fca68893a817e4a66806cea46a9e4ebf
- name: gopkg.in/yaml.v2
  version: 5420a8b6744d3b0345ab293f6fcba19c978f1183
testImports: []
